
Microsoft Visual Studio Solution File, Format Version 12.00
# Visual Studio Version 16
VisualStudioVersion = 16.0.30523.141
MinimumVisualStudioVersion = 10.0.40219.1
Project("{FAE04EC0-301F-11D3-BF4B-00C04F79EFBC}") = "MiniERP", "MiniERP.csproj", "{CFCC9313-9CD0-4C45-8CDF-08150F4DF580}"
EndProject
Global
	GlobalSection(SolutionConfigurationPlatforms) = preSolution
		Debug|Any CPU = Debug|Any CPU
		Release|Any CPU = Release|Any CPU
	EndGlobalSection
	GlobalSection(ProjectConfigurationPlatforms) = postSolution
		{CFCC9313-9CD0-4C45-8CDF-08150F4DF580}.Debug|Any CPU.ActiveCfg = Debug|Any CPU
		{CFCC9313-9CD0-4C45-8CDF-08150F4DF580}.Debug|Any CPU.Build.0 = Debug|Any CPU
		{CFCC9313-9CD0-4C45-8CDF-08150F4DF580}.Release|Any CPU.ActiveCfg = Release|Any CPU
		{CFCC9313-9CD0-4C45-8CDF-08150F4DF580}.Release|Any CPU.Build.0 = Release|Any CPU
	EndGlobalSection
	GlobalSection(SolutionProperties) = preSolution
		HideSolutionNode = FALSE
	EndGlobalSection
	GlobalSection(ExtensibilityGlobals) = postSolution
		SolutionGuid = {920B16AE-3A81-4EBB-BD55-A82DE654909C}
	EndGlobalSection
EndGlobal
